
Microsoft Visual Studio Solution File, Format Version 12.00
# Visual Studio Version 16
VisualStudioVersion = 16.0.29230.47
MinimumVisualStudioVersion = 10.0.40219.1
Project("{2150E333-8FDC-42A3-9474-1A3956D46DE8}") = "Services", "Services", "{C761E9AC-CEB4-4FED-8649-67F985A7F1E9}"
EndProject
Project("{2150E333-8FDC-42A3-9474-1A3956D46DE8}") = "User", "User", "{926E1C90-5F4E-416D-B250-814B397A2EB0}"
EndProject
Project("{2150E333-8FDC-42A3-9474-1A3956D46DE8}") = "Account", "Account", "{6521BF72-7F15-4CFA-B868-2E746F4C06F6}"
EndProject
Project("{9A19103F-16F7-4668-BE54-9A1E7A4F7556}") = "Account.API", "Account.API\Account.API.csproj", "{1F172E5A-6F28-4EEA-B311-9FC4B26E7F17}"
EndProject
Project("{E53339B2-1760-4266-BCC7-CA923CBCF16C}") = "docker-compose", "docker-compose.dcproj", "{457FE7DE-139D-4C9B-A9DF-F04EB27003CB}"
EndProject
Project("{2150E333-8FDC-42A3-9474-1A3956D46DE8}") = "ApplicationCore", "ApplicationCore", "{6F967F2F-4FEC-4233-835D-3EF52B41C0FD}"
EndProject
Project("{2150E333-8FDC-42A3-9474-1A3956D46DE8}") = "EventBus", "EventBus", "{7A155F34-734C-40E3-A078-8BFDDE6EA5ED}"
EndProject
Project("{9A19103F-16F7-4668-BE54-9A1E7A4F7556}") = "EventBusRabbitMQLibrary", "EventBusRabbitMQ\EventBusRabbitMQLibrary.csproj", "{6640EEC5-1913-4655-B169-2F171ACC643E}"
EndProject
Project("{9A19103F-16F7-4668-BE54-9A1E7A4F7556}") = "EventBusLibrary", "EventBusLibrary\EventBusLibrary.csproj", "{EC6263AD-F910-45B0-B295-05190CC97880}"
EndProject
Project("{2150E333-8FDC-42A3-9474-1A3956D46DE8}") = "WebHostMigration", "WebHostMigration", "{99C572C0-574A-4375-AA09-1FD1BD1002BF}"
EndProject
Project("{9A19103F-16F7-4668-BE54-9A1E7A4F7556}") = "WebHostDatabaseMigration", "WebHostDatabaseMigration\WebHostDatabaseMigration.csproj", "{03A4AB88-BCCC-48BB-B5EB-3957A3750A4D}"
EndProject
Project("{9A19103F-16F7-4668-BE54-9A1E7A4F7556}") = "IntegrationEventDB", "IntegrationEventDB\IntegrationEventDB.csproj", "{04B43D39-3C66-49FF-8A95-352055E071AD}"
EndProject
Project("{2150E333-8FDC-42A3-9474-1A3956D46DE8}") = "Solution Items", "Solution Items", "{312F2E9C-2B29-4A0A-B16B-C06B4DE399DC}"
	ProjectSection(SolutionItems) = preProject
		.env = .env
	EndProjectSection
EndProject
Project("{2150E333-8FDC-42A3-9474-1A3956D46DE8}") = "tests", "tests", "{D6F70513-6074-4B90-A19D-63058FCE80C6}"
EndProject
Project("{9A19103F-16F7-4668-BE54-9A1E7A4F7556}") = "UserManagement.API.FunctionalTest", "Services\UserService\tests\UserManagement.API.FunctionalTest\UserManagement.API.FunctionalTest.csproj", "{CCA0647D-CEA9-4A5F-AF44-976E77710457}"
EndProject
Project("{9A19103F-16F7-4668-BE54-9A1E7A4F7556}") = "UserManagement.API.UnitTest", "Services\UserService\tests\UserManagement.API.UnitTest\UserManagement.API.UnitTest.csproj", "{1C6C65E9-BE94-4767-B008-7E93D623FADD}"
EndProject
Project("{9A19103F-16F7-4668-BE54-9A1E7A4F7556}") = "UserManagement.API", "Services\UserService\User.API\UserManagement.API.csproj", "{0EAE28AF-6B00-4BE2-AF2E-E4918E97FF79}"
EndProject
Project("{9A19103F-16F7-4668-BE54-9A1E7A4F7556}") = "UserManagement.Domain", "Services\UserService\UserManagement.Domain\UserManagement.Domain.csproj", "{344F601B-1515-4685-8538-1016D4978D45}"
EndProject
Global
	GlobalSection(SolutionConfigurationPlatforms) = preSolution
		Debug|Any CPU = Debug|Any CPU
		Release|Any CPU = Release|Any CPU
	EndGlobalSection
	GlobalSection(ProjectConfigurationPlatforms) = postSolution
		{1F172E5A-6F28-4EEA-B311-9FC4B26E7F17}.Debug|Any CPU.ActiveCfg = Debug|Any CPU
		{1F172E5A-6F28-4EEA-B311-9FC4B26E7F17}.Debug|Any CPU.Build.0 = Debug|Any CPU
		{1F172E5A-6F28-4EEA-B311-9FC4B26E7F17}.Release|Any CPU.ActiveCfg = Release|Any CPU
		{1F172E5A-6F28-4EEA-B311-9FC4B26E7F17}.Release|Any CPU.Build.0 = Release|Any CPU
		{457FE7DE-139D-4C9B-A9DF-F04EB27003CB}.Debug|Any CPU.ActiveCfg = Debug|Any CPU
		{457FE7DE-139D-4C9B-A9DF-F04EB27003CB}.Debug|Any CPU.Build.0 = Debug|Any CPU
		{457FE7DE-139D-4C9B-A9DF-F04EB27003CB}.Release|Any CPU.ActiveCfg = Release|Any CPU
		{457FE7DE-139D-4C9B-A9DF-F04EB27003CB}.Release|Any CPU.Build.0 = Release|Any CPU
		{6640EEC5-1913-4655-B169-2F171ACC643E}.Debug|Any CPU.ActiveCfg = Debug|Any CPU
		{6640EEC5-1913-4655-B169-2F171ACC643E}.Debug|Any CPU.Build.0 = Debug|Any CPU
		{6640EEC5-1913-4655-B169-2F171ACC643E}.Release|Any CPU.ActiveCfg = Release|Any CPU
		{6640EEC5-1913-4655-B169-2F171ACC643E}.Release|Any CPU.Build.0 = Release|Any CPU
		{EC6263AD-F910-45B0-B295-05190CC97880}.Debug|Any CPU.ActiveCfg = Debug|Any CPU
		{EC6263AD-F910-45B0-B295-05190CC97880}.Debug|Any CPU.Build.0 = Debug|Any CPU
		{EC6263AD-F910-45B0-B295-05190CC97880}.Release|Any CPU.ActiveCfg = Release|Any CPU
		{EC6263AD-F910-45B0-B295-05190CC97880}.Release|Any CPU.Build.0 = Release|Any CPU
		{03A4AB88-BCCC-48BB-B5EB-3957A3750A4D}.Debug|Any CPU.ActiveCfg = Debug|Any CPU
		{03A4AB88-BCCC-48BB-B5EB-3957A3750A4D}.Debug|Any CPU.Build.0 = Debug|Any CPU
		{03A4AB88-BCCC-48BB-B5EB-3957A3750A4D}.Release|Any CPU.ActiveCfg = Release|Any CPU
		{03A4AB88-BCCC-48BB-B5EB-3957A3750A4D}.Release|Any CPU.Build.0 = Release|Any CPU
		{04B43D39-3C66-49FF-8A95-352055E071AD}.Debug|Any CPU.ActiveCfg = Debug|Any CPU
		{04B43D39-3C66-49FF-8A95-352055E071AD}.Debug|Any CPU.Build.0 = Debug|Any CPU
		{04B43D39-3C66-49FF-8A95-352055E071AD}.Release|Any CPU.ActiveCfg = Release|Any CPU
		{04B43D39-3C66-49FF-8A95-352055E071AD}.Release|Any CPU.Build.0 = Release|Any CPU
		{CCA0647D-CEA9-4A5F-AF44-976E77710457}.Debug|Any CPU.ActiveCfg = Debug|Any CPU
		{CCA0647D-CEA9-4A5F-AF44-976E77710457}.Debug|Any CPU.Build.0 = Debug|Any CPU
		{CCA0647D-CEA9-4A5F-AF44-976E77710457}.Release|Any CPU.ActiveCfg = Release|Any CPU
		{CCA0647D-CEA9-4A5F-AF44-976E77710457}.Release|Any CPU.Build.0 = Release|Any CPU
		{1C6C65E9-BE94-4767-B008-7E93D623FADD}.Debug|Any CPU.ActiveCfg = Debug|Any CPU
		{1C6C65E9-BE94-4767-B008-7E93D623FADD}.Debug|Any CPU.Build.0 = Debug|Any CPU
		{1C6C65E9-BE94-4767-B008-7E93D623FADD}.Release|Any CPU.ActiveCfg = Release|Any CPU
		{1C6C65E9-BE94-4767-B008-7E93D623FADD}.Release|Any CPU.Build.0 = Release|Any CPU
		{0EAE28AF-6B00-4BE2-AF2E-E4918E97FF79}.Debug|Any CPU.ActiveCfg = Debug|Any CPU
		{0EAE28AF-6B00-4BE2-AF2E-E4918E97FF79}.Debug|Any CPU.Build.0 = Debug|Any CPU
		{0EAE28AF-6B00-4BE2-AF2E-E4918E97FF79}.Release|Any CPU.ActiveCfg = Release|Any CPU
		{0EAE28AF-6B00-4BE2-AF2E-E4918E97FF79}.Release|Any CPU.Build.0 = Release|Any CPU
		{344F601B-1515-4685-8538-1016D4978D45}.Debug|Any CPU.ActiveCfg = Debug|Any CPU
		{344F601B-1515-4685-8538-1016D4978D45}.Debug|Any CPU.Build.0 = Debug|Any CPU
		{344F601B-1515-4685-8538-1016D4978D45}.Release|Any CPU.ActiveCfg = Release|Any CPU
		{344F601B-1515-4685-8538-1016D4978D45}.Release|Any CPU.Build.0 = Release|Any CPU
	EndGlobalSection
	GlobalSection(SolutionProperties) = preSolution
		HideSolutionNode = FALSE
	EndGlobalSection
	GlobalSection(NestedProjects) = preSolution
		{926E1C90-5F4E-416D-B250-814B397A2EB0} = {C761E9AC-CEB4-4FED-8649-67F985A7F1E9}
		{6521BF72-7F15-4CFA-B868-2E746F4C06F6} = {C761E9AC-CEB4-4FED-8649-67F985A7F1E9}
		{1F172E5A-6F28-4EEA-B311-9FC4B26E7F17} = {6521BF72-7F15-4CFA-B868-2E746F4C06F6}
		{7A155F34-734C-40E3-A078-8BFDDE6EA5ED} = {6F967F2F-4FEC-4233-835D-3EF52B41C0FD}
		{6640EEC5-1913-4655-B169-2F171ACC643E} = {7A155F34-734C-40E3-A078-8BFDDE6EA5ED}
		{EC6263AD-F910-45B0-B295-05190CC97880} = {7A155F34-734C-40E3-A078-8BFDDE6EA5ED}
		{99C572C0-574A-4375-AA09-1FD1BD1002BF} = {6F967F2F-4FEC-4233-835D-3EF52B41C0FD}
		{03A4AB88-BCCC-48BB-B5EB-3957A3750A4D} = {99C572C0-574A-4375-AA09-1FD1BD1002BF}
		{04B43D39-3C66-49FF-8A95-352055E071AD} = {7A155F34-734C-40E3-A078-8BFDDE6EA5ED}
		{D6F70513-6074-4B90-A19D-63058FCE80C6} = {926E1C90-5F4E-416D-B250-814B397A2EB0}
		{CCA0647D-CEA9-4A5F-AF44-976E77710457} = {D6F70513-6074-4B90-A19D-63058FCE80C6}
		{1C6C65E9-BE94-4767-B008-7E93D623FADD} = {D6F70513-6074-4B90-A19D-63058FCE80C6}
		{0EAE28AF-6B00-4BE2-AF2E-E4918E97FF79} = {926E1C90-5F4E-416D-B250-814B397A2EB0}
		{344F601B-1515-4685-8538-1016D4978D45} = {926E1C90-5F4E-416D-B250-814B397A2EB0}
	EndGlobalSection
	GlobalSection(ExtensibilityGlobals) = postSolution
		SolutionGuid = {74C6B215-1738-4139-8F03-7FEB490525DD}
	EndGlobalSection
EndGlobal
