
Microsoft Visual Studio Solution File, Format Version 12.00
# Visual Studio Version 16
VisualStudioVersion = 16.0.29230.47
MinimumVisualStudioVersion = 10.0.40219.1
Project("{2150E333-8FDC-42A3-9474-1A3956D46DE8}") = "Services", "Services", "{C761E9AC-CEB4-4FED-8649-67F985A7F1E9}"
EndProject
Project("{2150E333-8FDC-42A3-9474-1A3956D46DE8}") = "User", "User", "{926E1C90-5F4E-416D-B250-814B397A2EB0}"
EndProject
Project("{FAE04EC0-301F-11D3-BF4B-00C04F79EFBC}") = "User.API", "User.API\User.API.csproj", "{E87C61CC-944E-415B-9CEA-C3BCA458B7A0}"
EndProject
Project("{2150E333-8FDC-42A3-9474-1A3956D46DE8}") = "Account", "Account", "{6521BF72-7F15-4CFA-B868-2E746F4C06F6}"
EndProject
Project("{FAE04EC0-301F-11D3-BF4B-00C04F79EFBC}") = "Account.API", "Account.API\Account.API.csproj", "{1F172E5A-6F28-4EEA-B311-9FC4B26E7F17}"
EndProject
Project("{E53339B2-1760-4266-BCC7-CA923CBCF16C}") = "docker-compose", "docker-compose.dcproj", "{457FE7DE-139D-4C9B-A9DF-F04EB27003CB}"
EndProject
Project("{2150E333-8FDC-42A3-9474-1A3956D46DE8}") = "ApplicationCore", "ApplicationCore", "{6F967F2F-4FEC-4233-835D-3EF52B41C0FD}"
EndProject
Project("{2150E333-8FDC-42A3-9474-1A3956D46DE8}") = "EventBus", "EventBus", "{7A155F34-734C-40E3-A078-8BFDDE6EA5ED}"
EndProject
Project("{FAE04EC0-301F-11D3-BF4B-00C04F79EFBC}") = "EventBusRabbitMQ", "EventBusRabbitMQ\EventBusRabbitMQ.csproj", "{6640EEC5-1913-4655-B169-2F171ACC643E}"
EndProject
Project("{FAE04EC0-301F-11D3-BF4B-00C04F79EFBC}") = "EventBusLibrary", "EventBusLibrary\EventBusLibrary.csproj", "{EC6263AD-F910-45B0-B295-05190CC97880}"
EndProject
Global
	GlobalSection(SolutionConfigurationPlatforms) = preSolution
		Debug|Any CPU = Debug|Any CPU
		Release|Any CPU = Release|Any CPU
	EndGlobalSection
	GlobalSection(ProjectConfigurationPlatforms) = postSolution
		{E87C61CC-944E-415B-9CEA-C3BCA458B7A0}.Debug|Any CPU.ActiveCfg = Debug|Any CPU
		{E87C61CC-944E-415B-9CEA-C3BCA458B7A0}.Debug|Any CPU.Build.0 = Debug|Any CPU
		{E87C61CC-944E-415B-9CEA-C3BCA458B7A0}.Release|Any CPU.ActiveCfg = Release|Any CPU
		{E87C61CC-944E-415B-9CEA-C3BCA458B7A0}.Release|Any CPU.Build.0 = Release|Any CPU
		{1F172E5A-6F28-4EEA-B311-9FC4B26E7F17}.Debug|Any CPU.ActiveCfg = Debug|Any CPU
		{1F172E5A-6F28-4EEA-B311-9FC4B26E7F17}.Debug|Any CPU.Build.0 = Debug|Any CPU
		{1F172E5A-6F28-4EEA-B311-9FC4B26E7F17}.Release|Any CPU.ActiveCfg = Release|Any CPU
		{1F172E5A-6F28-4EEA-B311-9FC4B26E7F17}.Release|Any CPU.Build.0 = Release|Any CPU
		{457FE7DE-139D-4C9B-A9DF-F04EB27003CB}.Debug|Any CPU.ActiveCfg = Debug|Any CPU
		{457FE7DE-139D-4C9B-A9DF-F04EB27003CB}.Debug|Any CPU.Build.0 = Debug|Any CPU
		{457FE7DE-139D-4C9B-A9DF-F04EB27003CB}.Release|Any CPU.ActiveCfg = Release|Any CPU
		{457FE7DE-139D-4C9B-A9DF-F04EB27003CB}.Release|Any CPU.Build.0 = Release|Any CPU
		{6640EEC5-1913-4655-B169-2F171ACC643E}.Debug|Any CPU.ActiveCfg = Debug|Any CPU
		{6640EEC5-1913-4655-B169-2F171ACC643E}.Debug|Any CPU.Build.0 = Debug|Any CPU
		{6640EEC5-1913-4655-B169-2F171ACC643E}.Release|Any CPU.ActiveCfg = Release|Any CPU
		{6640EEC5-1913-4655-B169-2F171ACC643E}.Release|Any CPU.Build.0 = Release|Any CPU
		{EC6263AD-F910-45B0-B295-05190CC97880}.Debug|Any CPU.ActiveCfg = Debug|Any CPU
		{EC6263AD-F910-45B0-B295-05190CC97880}.Debug|Any CPU.Build.0 = Debug|Any CPU
		{EC6263AD-F910-45B0-B295-05190CC97880}.Release|Any CPU.ActiveCfg = Release|Any CPU
		{EC6263AD-F910-45B0-B295-05190CC97880}.Release|Any CPU.Build.0 = Release|Any CPU
	EndGlobalSection
	GlobalSection(SolutionProperties) = preSolution
		HideSolutionNode = FALSE
	EndGlobalSection
	GlobalSection(NestedProjects) = preSolution
		{926E1C90-5F4E-416D-B250-814B397A2EB0} = {C761E9AC-CEB4-4FED-8649-67F985A7F1E9}
		{E87C61CC-944E-415B-9CEA-C3BCA458B7A0} = {926E1C90-5F4E-416D-B250-814B397A2EB0}
		{6521BF72-7F15-4CFA-B868-2E746F4C06F6} = {C761E9AC-CEB4-4FED-8649-67F985A7F1E9}
		{1F172E5A-6F28-4EEA-B311-9FC4B26E7F17} = {6521BF72-7F15-4CFA-B868-2E746F4C06F6}
		{7A155F34-734C-40E3-A078-8BFDDE6EA5ED} = {6F967F2F-4FEC-4233-835D-3EF52B41C0FD}
		{6640EEC5-1913-4655-B169-2F171ACC643E} = {7A155F34-734C-40E3-A078-8BFDDE6EA5ED}
		{EC6263AD-F910-45B0-B295-05190CC97880} = {7A155F34-734C-40E3-A078-8BFDDE6EA5ED}
	EndGlobalSection
	GlobalSection(ExtensibilityGlobals) = postSolution
		SolutionGuid = {74C6B215-1738-4139-8F03-7FEB490525DD}
	EndGlobalSection
EndGlobal
